
Microsoft Visual Studio Solution File, Format Version 12.00
# Visual Studio Version 16
VisualStudioVersion = 16.0.29509.3
MinimumVisualStudioVersion = 10.0.40219.1
Project("{FAE04EC0-301F-11D3-BF4B-00C04F79EFBC}") = "Shopping-A", "Shopping-A\Shopping-A.csproj", "{268DB939-6908-4586-9C47-0E88270A1328}"
EndProject
Global
	GlobalSection(SolutionConfigurationPlatforms) = preSolution
		Debug|Any CPU = Debug|Any CPU
		Release|Any CPU = Release|Any CPU
	EndGlobalSection
	GlobalSection(ProjectConfigurationPlatforms) = postSolution
		{268DB939-6908-4586-9C47-0E88270A1328}.Debug|Any CPU.ActiveCfg = Debug|Any CPU
		{268DB939-6908-4586-9C47-0E88270A1328}.Debug|Any CPU.Build.0 = Debug|Any CPU
		{268DB939-6908-4586-9C47-0E88270A1328}.Release|Any CPU.ActiveCfg = Release|Any CPU
		{268DB939-6908-4586-9C47-0E88270A1328}.Release|Any CPU.Build.0 = Release|Any CPU
	EndGlobalSection
	GlobalSection(SolutionProperties) = preSolution
		HideSolutionNode = FALSE
	EndGlobalSection
	GlobalSection(ExtensibilityGlobals) = postSolution
		SolutionGuid = {C88D621A-B282-46FD-AE99-9CFCB0BEACD9}
	EndGlobalSection
EndGlobal
